<?xml version="1.0" encoding="utf-8"?>
<Project ToolsVersion="4.0" xmlns="http://schemas.microsoft.com/developer/msbuild/2003">
  <ItemGroup>
    <Filter Include="Source Files">
      <UniqueIdentifier>{8d2269a4-9dcf-46b9-b730-918a66ce96ea}</UniqueIdentifier>
      <Extensions>cpp;c;cxx;rc;def;r;odl;idl;hpj;bat</Extensions>
    </Filter>
    <Filter Include="Header Files">
      <UniqueIdentifier>{0f79b849-7410-4d95-8aa5-4f4f12072dd4}</UniqueIdentifier>
      <Extensions>h;hpp;hxx;hm;inl</Extensions>
    </Filter>
    <Filter Include="Test Data">
      <UniqueIdentifier>{f4f13942-bb6b-457e-ac1c-321dfd1df062}</UniqueIdentifier>
    </Filter>
    <Filter Include="Resource Files">
      <UniqueIdentifier>{3635bbaf-a6aa-4ad1-a95a-9cb618575159}</UniqueIdentifier>
      <Extensions>ico;cur;bmp;dlg;rc2;rct;bin;rgs;gif;jpg;jpeg;jpe</Extensions>
    </Filter>
  </ItemGroup>
  <ItemGroup>
    <ClCompile Include="..\..\sample\ann_sample.cpp">
      <Filter>Source Files</Filter>
    </ClCompile>
  </ItemGroup>
  <ItemGroup>
    <Text Include="ReadMe.txt" />
  </ItemGroup>
  <ItemGroup>
    <CustomBuild Include="data_pts">
      <Filter>Test Data</Filter>
    </CustomBuild>
    <CustomBuild Include="query_pts">
      <Filter>Test Data</Filter>
    </CustomBuild>
    <CustomBuild Include="sample.out">
      <Filter>Test Data</Filter>
    </CustomBuild>
  </ItemGroup>
</Project>